// !$*UTF8*$!
{
	archiveVersion = 1;
	classes = {
	};
	objectVersion = 46;
	objects = {

/* Begin PBXBuildFile section */
		781AF1181E41E09B00576D9E /* AppDelegate.swift in Sources */ = {isa = PBXBuildFile; fileRef = 781AF1171E41E09B00576D9E /* AppDelegate.swift */; };
		781AF11A1E41E09B00576D9E /* FirstViewController.swift in Sources */ = {isa = PBXBuildFile; fileRef = 781AF1191E41E09B00576D9E /* FirstViewController.swift */; };
		781AF11C1E41E09B00576D9E /* SecondViewController.swift in Sources */ = {isa = PBXBuildFile; fileRef = 781AF11B1E41E09B00576D9E /* SecondViewController.swift */; };
		781AF11F1E41E09B00576D9E /* Main.storyboard in Resources */ = {isa = PBXBuildFile; fileRef = 781AF11D1E41E09B00576D9E /* Main.storyboard */; };
		781AF1211E41E09B00576D9E /* Assets.xcassets in Resources */ = {isa = PBXBuildFile; fileRef = 781AF1201E41E09B00576D9E /* Assets.xcassets */; };
		781AF1241E41E09B00576D9E /* LaunchScreen.storyboard in Resources */ = {isa = PBXBuildFile; fileRef = 781AF1221E41E09B00576D9E /* LaunchScreen.storyboard */; };
/* End PBXBuildFile section */

/* Begin PBXFileReference section */
		781AF1141E41E09B00576D9E /* LAB.app */ = {isa = PBXFileReference; explicitFileType = wrapper.application; includeInIndex = 0; path = LAB.app; sourceTree = BUILT_PRODUCTS_DIR; };
		781AF1171E41E09B00576D9E /* AppDelegate.swift */ = {isa = PBXFileReference; lastKnownFileType = sourcecode.swift; path = AppDelegate.swift; sourceTree = "<group>"; };
		781AF1191E41E09B00576D9E /* FirstViewController.swift */ = {isa = PBXFileReference; lastKnownFileType = sourcecode.swift; path = FirstViewController.swift; sourceTree = "<group>"; };
		781AF11B1E41E09B00576D9E /* SecondViewController.swift */ = {isa = PBXFileReference; lastKnownFileType = sourcecode.swift; path = SecondViewController.swift; sourceTree = "<group>"; };
		781AF11E1E41E09B00576D9E /* Base */ = {isa = PBXFileReference; lastKnownFileType = file.storyboard; name = Base; path = Base.lproj/Main.storyboard; sourceTree = "<group>"; };
		781AF1201E41E09B00576D9E /* Assets.xcassets */ = {isa = PBXFileReference; lastKnownFileType = folder.assetcatalog; path = Assets.xcassets; sourceTree = "<group>"; };
		781AF1231E41E09B00576D9E /* Base */ = {isa = PBXFileReference; lastKnownFileType = file.storyboard; name = Base; path = Base.lproj/LaunchScreen.storyboard; sourceTree = "<group>"; };
		781AF1251E41E09B00576D9E /* Info.plist */ = {isa = PBXFileReference; lastKnownFileType = text.plist.xml; path = Info.plist; sourceTree = "<group>"; };
/* End PBXFileReference section */

/* Begin PBXFrameworksBuildPhase section */
		781AF1111E41E09B00576D9E /* Frameworks */ = {
			isa = PBXFrameworksBuildPhase;
			buildActionMask = 2147483647;
			files = (
			);
			runOnlyForDeploymentPostprocessing = 0;
		};
/* End PBXFrameworksBuildPhase section */

/* Begin PBXGroup section */
		781AF10B1E41E09B00576D9E = {
			isa = PBXGroup;
			children = (
				781AF1161E41E09B00576D9E /* LAB */,
				781AF1151E41E09B00576D9E /* Products */,
			);
			sourceTree = "<group>";
		};
		781AF1151E41E09B00576D9E /* Products */ = {
			isa = PBXGroup;
			children = (
				781AF1141E41E09B00576D9E /* LAB.app */,
			);
			name = Products;
			sourceTree = "<group>";
		};
		781AF1161E41E09B00576D9E /* LAB */ = {
			isa = PBXGroup;
			children = (
				781AF1171E41E09B00576D9E /* AppDelegate.swift */,
				781AF1191E41E09B00576D9E /* FirstViewController.swift */,
				781AF11B1E41E09B00576D9E /* SecondViewController.swift */,
				781AF11D1E41E09B00576D9E /* Main.storyboard */,
				781AF1201E41E09B00576D9E /* Assets.xcassets */,
				781AF1221E41E09B00576D9E /* LaunchScreen.storyboard */,
				781AF1251E41E09B00576D9E /* Info.plist */,
			);
			path = LAB;
			sourceTree = "<group>";
		};
/* End PBXGroup section */

/* Begin PBXNativeTarget section */
		781AF1131E41E09B00576D9E /* LAB */ = {
			isa = PBXNativeTarget;
			buildConfigurationList = 781AF1281E41E09B00576D9E /* Build configuration list for PBXNativeTarget "LAB" */;
			buildPhases = (
				781AF1101E41E09B00576D9E /* Sources */,
				781AF1111E41E09B00576D9E /* Frameworks */,
				781AF1121E41E09B00576D9E /* Resources */,
			);
			buildRules = (
			);
			dependencies = (
			);
			name = LAB;
			productName = LAB;
			productReference = 781AF1141E41E09B00576D9E /* LAB.app */;
			productType = "com.apple.product-type.application";
		};
/* End PBXNativeTarget section */

/* Begin PBXProject section */
		781AF10C1E41E09B00576D9E /* Project object */ = {
			isa = PBXProject;
			attributes = {
				LastSwiftUpdateCheck = 0820;
				LastUpgradeCheck = 0820;
				ORGANIZATIONNAME = "อรรถพล วงษ์วิกิจการ";
				TargetAttributes = {
					781AF1131E41E09B00576D9E = {
						CreatedOnToolsVersion = 8.2;
						DevelopmentTeam = GASHBX29SC;
						ProvisioningStyle = Automatic;
					};
				};
			};
			buildConfigurationList = 781AF10F1E41E09B00576D9E /* Build configuration list for PBXProject "LAB" */;
			compatibilityVersion = "Xcode 3.2";
			developmentRegion = English;
			hasScannedForEncodings = 0;
			knownRegions = (
				en,
				Base,
			);
			mainGroup = 781AF10B1E41E09B00576D9E;
			productRefGroup = 781AF1151E41E09B00576D9E /* Products */;
			projectDirPath = "";
			projectRoot = "";
			targets = (
				781AF1131E41E09B00576D9E /* LAB */,
			);
		};
/* End PBXProject section */

/* Begin PBXResourcesBuildPhase section */
		781AF1121E41E09B00576D9E /* Resources */ = {
			isa = PBXResourcesBuildPhase;
			buildActionMask = 2147483647;
			files = (
				781AF1241E41E09B00576D9E /* LaunchScreen.storyboard in Resources */,
				781AF1211E41E09B00576D9E /* Assets.xcassets in Resources */,
				781AF11F1E41E09B00576D9E /* Main.storyboard in Resources */,
			);
			runOnlyForDeploymentPostprocessing = 0;
		};
/* End PBXResourcesBuildPhase section */

/* Begin PBXSourcesBuildPhase section */
		781AF1101E41E09B00576D9E /* Sources */ = {
			isa = PBXSourcesBuildPhase;
			buildActionMask = 2147483647;
			files = (
				781AF11C1E41E09B00576D9E /* SecondViewController.swift in Sources */,
				781AF1181E41E09B00576D9E /* AppDelegate.swift in Sources */,
				781AF11A1E41E09B00576D9E /* FirstViewController.swift in Sources */,
			);
			runOnlyForDeploymentPostprocessing = 0;
		};
/* End PBXSourcesBuildPhase section */

/* Begin PBXVariantGroup section */
		781AF11D1E41E09B00576D9E /* Main.storyboard */ = {
			isa = PBXVariantGroup;
			children = (
				781AF11E1E41E09B00576D9E /* Base */,
			);
			name = Main.storyboard;
			sourceTree = "<group>";
		};
		781AF1221E41E09B00576D9E /* LaunchScreen.storyboard */ = {
			isa = PBXVariantGroup;
			children = (
				781AF1231E41E09B00576D9E /* Base */,
			);
			name = LaunchScreen.storyboard;
			sourceTree = "<group>";
		};
/* End PBXVariantGroup section */

/* Begin XCBuildConfiguration section */
		781AF1261E41E09B00576D9E /* Debug */ = {
			isa = XCBuildConfiguration;
			buildSettings = {
				ALWAYS_SEARCH_USER_PATHS = NO;
				CLANG_ANALYZER_NONNULL = YES;
				CLANG_CXX_LANGUAGE_STANDARD = "gnu++0x";
				CLANG_CXX_LIBRARY = "libc++";
				CLANG_ENABLE_MODULES = YES;
				CLANG_ENABLE_OBJC_ARC = YES;
				CLANG_WARN_BOOL_CONVERSION = YES;
				CLANG_WARN_CONSTANT_CONVERSION = YES;
				CLANG_WARN_DIRECT_OBJC_ISA_USAGE = YES_ERROR;
				CLANG_WARN_DOCUMENTATION_COMMENTS = YES;
				CLANG_WARN_EMPTY_BODY = YES;
				CLANG_WARN_ENUM_CONVERSION = YES;
				CLANG_WARN_INFINITE_RECURSION = YES;
				CLANG_WARN_INT_CONVERSION = YES;
				CLANG_WARN_OBJC_ROOT_CLASS = YES_ERROR;
				CLANG_WARN_SUSPICIOUS_MOVE = YES;
				CLANG_WARN_UNREACHABLE_CODE = YES;
				CLANG_WARN__DUPLICATE_METHOD_MATCH = YES;
				"CODE_SIGN_IDENTITY[sdk=iphoneos*]" = "iPhone Developer";
				COPY_PHASE_STRIP = NO;
				DEBUG_INFORMATION_FORMAT = dwarf;
				ENABLE_STRICT_OBJC_MSGSEND = YES;
				ENABLE_TESTABILITY = YES;
				GCC_C_LANGUAGE_STANDARD = gnu99;
				GCC_DYNAMIC_NO_PIC = NO;
				GCC_NO_COMMON_BLOCKS = YES;
				GCC_OPTIMIZATION_LEVEL = 0;
				GCC_PREPROCESSOR_DEFINITIONS = (
					"DEBUG=1",
					"$(inherited)",
				);
				GCC_WARN_64_TO_32_BIT_CONVERSION = YES;
				GCC_WARN_ABOUT_RETURN_TYPE = YES_ERROR;
				GCC_WARN_UNDECLARED_SELECTOR = YES;
				GCC_WARN_UNINITIALIZED_AUTOS = YES_AGGRESSIVE;
				GCC_WARN_UNUSED_FUNCTION = YES;
				GCC_WARN_UNUSED_VARIABLE = YES;
				IPHONEOS_DEPLOYMENT_TARGET = 10.2;
				MTL_ENABLE_DEBUG_INFO = YES;
				ONLY_ACTIVE_ARCH = YES;
				SDKROOT = iphoneos;
				SWIFT_ACTIVE_COMPILATION_CONDITIONS = DEBUG;
				SWIFT_OPTIMIZATION_LEVEL = "-Onone";
			};
			name = Debug;
		};
		781AF1271E41E09B00576D9E /* Release */ = {
			isa = XCBuildConfiguration;
			buildSettings = {
				ALWAYS_SEARCH_USER_PATHS = NO;
				CLANG_ANALYZER_NONNULL = YES;
				CLANG_CXX_LANGUAGE_STANDARD = "gnu++0x";
				CLANG_CXX_LIBRARY = "libc++";
				CLANG_ENABLE_MODULES = YES;
				CLANG_ENABLE_OBJC_ARC = YES;
				CLANG_WARN_BOOL_CONVERSION = YES;
				CLANG_WARN_CONSTANT_CONVERSION = YES;
				CLANG_WARN_DIRECT_OBJC_ISA_USAGE = YES_ERROR;
				CLANG_WARN_DOCUMENTATION_COMMENTS = YES;
				CLANG_WARN_EMPTY_BODY = YES;
				CLANG_WARN_ENUM_CONVERSION = YES;
				CLANG_WARN_INFINITE_RECURSION = YES;
				CLANG_WARN_INT_CONVERSION = YES;
				CLANG_WARN_OBJC_ROOT_CLASS = YES_ERROR;
				CLANG_WARN_SUSPICIOUS_MOVE = YES;
				CLANG_WARN_UNREACHABLE_CODE = YES;
				CLANG_WARN__DUPLICATE_METHOD_MATCH = YES;
				"CODE_SIGN_IDENTITY[sdk=iphoneos*]" = "iPhone Developer";
				COPY_PHASE_STRIP = NO;
				DEBUG_INFORMATION_FORMAT = "dwarf-with-dsym";
				ENABLE_NS_ASSERTIONS = NO;
				ENABLE_STRICT_OBJC_MSGSEND = YES;
				GCC_C_LANGUAGE_STANDARD = gnu99;
				GCC_NO_COMMON_BLOCKS = YES;
				GCC_WARN_64_TO_32_BIT_CONVERSION = YES;
				GCC_WARN_ABOUT_RETURN_TYPE = YES_ERROR;
				GCC_WARN_UNDECLARED_SELECTOR = YES;
				GCC_WARN_UNINITIALIZED_AUTOS = YES_AGGRESSIVE;
				GCC_WARN_UNUSED_FUNCTION = YES;
				GCC_WARN_UNUSED_VARIABLE = YES;
				IPHONEOS_DEPLOYMENT_TARGET = 10.2;
				MTL_ENABLE_DEBUG_INFO = NO;
				SDKROOT = iphoneos;
				SWIFT_OPTIMIZATION_LEVEL = "-Owholemodule";
				VALIDATE_PRODUCT = YES;
			};
			name = Release;
		};
		781AF1291E41E09B00576D9E /* Debug */ = {
			isa = XCBuildConfiguration;
			buildSettings = {
				ASSETCATALOG_COMPILER_APPICON_NAME = AppIcon;
				DEVELOPMENT_TEAM = GASHBX29SC;
				INFOPLIST_FILE = LAB/Info.plist;
				LD_RUNPATH_SEARCH_PATHS = "$(inherited) @executable_path/Frameworks";
				PRODUCT_BUNDLE_IDENTIFIER = th.co.boat.LAB;
				PRODUCT_NAME = "$(TARGET_NAME)";
				SWIFT_VERSION = 3.0;
			};
			name = Debug;
		};
		781AF12A1E41E09B00576D9E /* Release */ = {
			isa = XCBuildConfiguration;
			buildSettings = {
				ASSETCATALOG_COMPILER_APPICON_NAME = AppIcon;
				DEVELOPMENT_TEAM = GASHBX29SC;
				INFOPLIST_FILE = LAB/Info.plist;
				LD_RUNPATH_SEARCH_PATHS = "$(inherited) @executable_path/Frameworks";
				PRODUCT_BUNDLE_IDENTIFIER = th.co.boat.LAB;
				PRODUCT_NAME = "$(TARGET_NAME)";
				SWIFT_VERSION = 3.0;
			};
			name = Release;
		};
/* End XCBuildConfiguration section */

/* Begin XCConfigurationList section */
		781AF10F1E41E09B00576D9E /* Build configuration list for PBXProject "LAB" */ = {
			isa = XCConfigurationList;
			buildConfigurations = (
				781AF1261E41E09B00576D9E /* Debug */,
				781AF1271E41E09B00576D9E /* Release */,
			);
			defaultConfigurationIsVisible = 0;
			defaultConfigurationName = Release;
		};
		781AF1281E41E09B00576D9E /* Build configuration list for PBXNativeTarget "LAB" */ = {
			isa = XCConfigurationList;
			buildConfigurations = (
				781AF1291E41E09B00576D9E /* Debug */,
				781AF12A1E41E09B00576D9E /* Release */,
			);
			defaultConfigurationIsVisible = 0;
		};
/* End XCConfigurationList section */
	};
	rootObject = 781AF10C1E41E09B00576D9E /* Project object */;
}
